<Solution>
  <Project Path="SOSLocation.API/SOSLocation.API.csproj" />
  <Project Path="SOSLocation.Application/SOSLocation.Application.csproj" />
  <Project Path="SOSLocation.Domain/SOSLocation.Domain.csproj" />
  <Project Path="SOSLocation.Infrastructure/SOSLocation.Infrastructure.csproj" />
  <Project Path="SOSLocation.ML/SOSLocation.ML.csproj" />
  <Project Path="SOSLocation.API.Tests/SOSLocation.API.Tests.csproj" />
</Solution>
